// !$*UTF8*$!
{
	archiveVersion = 1;
	classes = {
	};
	objectVersion = 51;
	objects = {

/* Begin PBXBuildFile section */
		A948E13628E0B45B002A6352 /* AppDelegate.swift in Sources */ = {isa = PBXBuildFile; fileRef = A948E13528E0B45B002A6352 /* AppDelegate.swift */; };
		A948E13F28E0B467002A6352 /* Assets.xcassets in Resources */ = {isa = PBXBuildFile; fileRef = A948E13E28E0B467002A6352 /* Assets.xcassets */; };
		A948E14228E0B467002A6352 /* LaunchScreen.storyboard in Resources */ = {isa = PBXBuildFile; fileRef = A948E14028E0B467002A6352 /* LaunchScreen.storyboard */; };
		A948E15228E0B4AD002A6352 /* SplashViewController.swift in Sources */ = {isa = PBXBuildFile; fileRef = A948E14D28E0B4AD002A6352 /* SplashViewController.swift */; };
		A948E15328E0B4AD002A6352 /* SplashPresenter.swift in Sources */ = {isa = PBXBuildFile; fileRef = A948E14E28E0B4AD002A6352 /* SplashPresenter.swift */; };
		A948E15428E0B4AD002A6352 /* SplashWorker.swift in Sources */ = {isa = PBXBuildFile; fileRef = A948E14F28E0B4AD002A6352 /* SplashWorker.swift */; };
		A948E15528E0B4AD002A6352 /* SplashRouter.swift in Sources */ = {isa = PBXBuildFile; fileRef = A948E15028E0B4AD002A6352 /* SplashRouter.swift */; };
		A948E15628E0B4AD002A6352 /* SplashInteractor.swift in Sources */ = {isa = PBXBuildFile; fileRef = A948E15128E0B4AD002A6352 /* SplashInteractor.swift */; };
		A948E15928E0B4CB002A6352 /* loading.json in Resources */ = {isa = PBXBuildFile; fileRef = A948E15828E0B4CB002A6352 /* loading.json */; };
		A9E3B0E028E0B88A001C012B /* NetworkListener.swift in Sources */ = {isa = PBXBuildFile; fileRef = A9E3B0DF28E0B88A001C012B /* NetworkListener.swift */; };
		A9E3B11828E0D2FE001C012B /* LottieHud.swift in Sources */ = {isa = PBXBuildFile; fileRef = A9E3B11728E0D2FE001C012B /* LottieHud.swift */; };
		A9E3B11C28E0D50D001C012B /* BaseService.swift in Sources */ = {isa = PBXBuildFile; fileRef = A9E3B11B28E0D50D001C012B /* BaseService.swift */; };
		A9E3B12028E0D51F001C012B /* NetworkConstants.swift in Sources */ = {isa = PBXBuildFile; fileRef = A9E3B11F28E0D51F001C012B /* NetworkConstants.swift */; };
		A9E3B12328E0D690001C012B /* Extension+UIView.swift in Sources */ = {isa = PBXBuildFile; fileRef = A9E3B12228E0D690001C012B /* Extension+UIView.swift */; };
		A9E3B12728E0D74F001C012B /* Extension+UIViewController.swift in Sources */ = {isa = PBXBuildFile; fileRef = A9E3B12628E0D74F001C012B /* Extension+UIViewController.swift */; };
		A9E3B12A28E0DABA001C012B /* GoogleService-Info.plist in Resources */ = {isa = PBXBuildFile; fileRef = A9E3B12928E0DABA001C012B /* GoogleService-Info.plist */; };
		A9E3B14928E0E3F0001C012B /* Pods_Loodos_CaseStudy.framework in Frameworks */ = {isa = PBXBuildFile; fileRef = C8703EAA341B4A44AC4922F6 /* Pods_Loodos_CaseStudy.framework */; };
		A9E3B14A28E0E3F0001C012B /* Pods_Loodos_CaseStudy.framework in Embed Frameworks */ = {isa = PBXBuildFile; fileRef = C8703EAA341B4A44AC4922F6 /* Pods_Loodos_CaseStudy.framework */; settings = {ATTRIBUTES = (CodeSignOnCopy, RemoveHeadersOnCopy, ); }; };
		A9F0ED0D28E1AEAC0013FF6A /* SplashModel.swift in Sources */ = {isa = PBXBuildFile; fileRef = A9F0ED0C28E1AEAC0013FF6A /* SplashModel.swift */; };
		A9F0ED1528E1B8890013FF6A /* HomePresenter.swift in Sources */ = {isa = PBXBuildFile; fileRef = A9F0ED0F28E1B8890013FF6A /* HomePresenter.swift */; };
		A9F0ED1628E1B8890013FF6A /* HomeWorker.swift in Sources */ = {isa = PBXBuildFile; fileRef = A9F0ED1028E1B8890013FF6A /* HomeWorker.swift */; };
		A9F0ED1728E1B8890013FF6A /* HomeRouter.swift in Sources */ = {isa = PBXBuildFile; fileRef = A9F0ED1128E1B8890013FF6A /* HomeRouter.swift */; };
		A9F0ED1828E1B8890013FF6A /* HomeModels.swift in Sources */ = {isa = PBXBuildFile; fileRef = A9F0ED1228E1B8890013FF6A /* HomeModels.swift */; };
		A9F0ED1928E1B8890013FF6A /* HomeViewController.swift in Sources */ = {isa = PBXBuildFile; fileRef = A9F0ED1328E1B8890013FF6A /* HomeViewController.swift */; };
		A9F0ED1A28E1B8890013FF6A /* HomeInteractor.swift in Sources */ = {isa = PBXBuildFile; fileRef = A9F0ED1428E1B8890013FF6A /* HomeInteractor.swift */; };
		A9F0ED1C28E1D04E0013FF6A /* HomeCell.swift in Sources */ = {isa = PBXBuildFile; fileRef = A9F0ED1B28E1D04E0013FF6A /* HomeCell.swift */; };
/* End PBXBuildFile section */

/* Begin PBXCopyFilesBuildPhase section */
		A9E3B14B28E0E3F0001C012B /* Embed Frameworks */ = {
			isa = PBXCopyFilesBuildPhase;
			buildActionMask = 2147483647;
			dstPath = "";
			dstSubfolderSpec = 10;
			files = (
				A9E3B14A28E0E3F0001C012B /* Pods_Loodos_CaseStudy.framework in Embed Frameworks */,
			);
			name = "Embed Frameworks";
			runOnlyForDeploymentPostprocessing = 0;
		};
/* End PBXCopyFilesBuildPhase section */

/* Begin PBXFileReference section */
		35BF25F49EAAAE21FAFCCDAD /* Pods-Loodos-CaseStudy.debug.xcconfig */ = {isa = PBXFileReference; includeInIndex = 1; lastKnownFileType = text.xcconfig; name = "Pods-Loodos-CaseStudy.debug.xcconfig"; path = "Target Support Files/Pods-Loodos-CaseStudy/Pods-Loodos-CaseStudy.debug.xcconfig"; sourceTree = "<group>"; };
		9AF66382C08459A461FB33B1 /* Pods-Loodos-CaseStudy.release.xcconfig */ = {isa = PBXFileReference; includeInIndex = 1; lastKnownFileType = text.xcconfig; name = "Pods-Loodos-CaseStudy.release.xcconfig"; path = "Target Support Files/Pods-Loodos-CaseStudy/Pods-Loodos-CaseStudy.release.xcconfig"; sourceTree = "<group>"; };
		A948E13228E0B45B002A6352 /* Loodos-CaseStudy.app */ = {isa = PBXFileReference; explicitFileType = wrapper.application; includeInIndex = 0; path = "Loodos-CaseStudy.app"; sourceTree = BUILT_PRODUCTS_DIR; };
		A948E13528E0B45B002A6352 /* AppDelegate.swift */ = {isa = PBXFileReference; lastKnownFileType = sourcecode.swift; path = AppDelegate.swift; sourceTree = "<group>"; };
		A948E13E28E0B467002A6352 /* Assets.xcassets */ = {isa = PBXFileReference; lastKnownFileType = folder.assetcatalog; path = Assets.xcassets; sourceTree = "<group>"; };
		A948E14128E0B467002A6352 /* Base */ = {isa = PBXFileReference; lastKnownFileType = file.storyboard; name = Base; path = Base.lproj/LaunchScreen.storyboard; sourceTree = "<group>"; };
		A948E14328E0B467002A6352 /* Info.plist */ = {isa = PBXFileReference; lastKnownFileType = text.plist.xml; path = Info.plist; sourceTree = "<group>"; };
		A948E14D28E0B4AD002A6352 /* SplashViewController.swift */ = {isa = PBXFileReference; fileEncoding = 4; lastKnownFileType = sourcecode.swift; path = SplashViewController.swift; sourceTree = "<group>"; };
		A948E14E28E0B4AD002A6352 /* SplashPresenter.swift */ = {isa = PBXFileReference; fileEncoding = 4; lastKnownFileType = sourcecode.swift; path = SplashPresenter.swift; sourceTree = "<group>"; };
		A948E14F28E0B4AD002A6352 /* SplashWorker.swift */ = {isa = PBXFileReference; fileEncoding = 4; lastKnownFileType = sourcecode.swift; path = SplashWorker.swift; sourceTree = "<group>"; };
		A948E15028E0B4AD002A6352 /* SplashRouter.swift */ = {isa = PBXFileReference; fileEncoding = 4; lastKnownFileType = sourcecode.swift; path = SplashRouter.swift; sourceTree = "<group>"; };
		A948E15128E0B4AD002A6352 /* SplashInteractor.swift */ = {isa = PBXFileReference; fileEncoding = 4; lastKnownFileType = sourcecode.swift; path = SplashInteractor.swift; sourceTree = "<group>"; };
		A948E15828E0B4CB002A6352 /* loading.json */ = {isa = PBXFileReference; fileEncoding = 4; lastKnownFileType = text.json; path = loading.json; sourceTree = "<group>"; };
		A9E3B0DF28E0B88A001C012B /* NetworkListener.swift */ = {isa = PBXFileReference; lastKnownFileType = sourcecode.swift; path = NetworkListener.swift; sourceTree = "<group>"; };
		A9E3B11728E0D2FE001C012B /* LottieHud.swift */ = {isa = PBXFileReference; lastKnownFileType = sourcecode.swift; path = LottieHud.swift; sourceTree = "<group>"; };
		A9E3B11B28E0D50D001C012B /* BaseService.swift */ = {isa = PBXFileReference; lastKnownFileType = sourcecode.swift; path = BaseService.swift; sourceTree = "<group>"; };
		A9E3B11F28E0D51F001C012B /* NetworkConstants.swift */ = {isa = PBXFileReference; lastKnownFileType = sourcecode.swift; path = NetworkConstants.swift; sourceTree = "<group>"; };
		A9E3B12228E0D690001C012B /* Extension+UIView.swift */ = {isa = PBXFileReference; lastKnownFileType = sourcecode.swift; path = "Extension+UIView.swift"; sourceTree = "<group>"; };
		A9E3B12628E0D74F001C012B /* Extension+UIViewController.swift */ = {isa = PBXFileReference; lastKnownFileType = sourcecode.swift; path = "Extension+UIViewController.swift"; sourceTree = "<group>"; };
		A9E3B12928E0DABA001C012B /* GoogleService-Info.plist */ = {isa = PBXFileReference; fileEncoding = 4; lastKnownFileType = text.plist.xml; path = "GoogleService-Info.plist"; sourceTree = "<group>"; };
		A9F0ED0C28E1AEAC0013FF6A /* SplashModel.swift */ = {isa = PBXFileReference; lastKnownFileType = sourcecode.swift; path = SplashModel.swift; sourceTree = "<group>"; };
		A9F0ED0F28E1B8890013FF6A /* HomePresenter.swift */ = {isa = PBXFileReference; lastKnownFileType = sourcecode.swift; path = HomePresenter.swift; sourceTree = "<group>"; };
		A9F0ED1028E1B8890013FF6A /* HomeWorker.swift */ = {isa = PBXFileReference; lastKnownFileType = sourcecode.swift; path = HomeWorker.swift; sourceTree = "<group>"; };
		A9F0ED1128E1B8890013FF6A /* HomeRouter.swift */ = {isa = PBXFileReference; lastKnownFileType = sourcecode.swift; path = HomeRouter.swift; sourceTree = "<group>"; };
		A9F0ED1228E1B8890013FF6A /* HomeModels.swift */ = {isa = PBXFileReference; lastKnownFileType = sourcecode.swift; path = HomeModels.swift; sourceTree = "<group>"; };
		A9F0ED1328E1B8890013FF6A /* HomeViewController.swift */ = {isa = PBXFileReference; lastKnownFileType = sourcecode.swift; path = HomeViewController.swift; sourceTree = "<group>"; };
		A9F0ED1428E1B8890013FF6A /* HomeInteractor.swift */ = {isa = PBXFileReference; lastKnownFileType = sourcecode.swift; path = HomeInteractor.swift; sourceTree = "<group>"; };
		A9F0ED1B28E1D04E0013FF6A /* HomeCell.swift */ = {isa = PBXFileReference; lastKnownFileType = sourcecode.swift; path = HomeCell.swift; sourceTree = "<group>"; };
		C8703EAA341B4A44AC4922F6 /* Pods_Loodos_CaseStudy.framework */ = {isa = PBXFileReference; explicitFileType = wrapper.framework; includeInIndex = 0; path = Pods_Loodos_CaseStudy.framework; sourceTree = BUILT_PRODUCTS_DIR; };
/* End PBXFileReference section */

/* Begin PBXFrameworksBuildPhase section */
		A948E12F28E0B45B002A6352 /* Frameworks */ = {
			isa = PBXFrameworksBuildPhase;
			buildActionMask = 2147483647;
			files = (
				A9E3B14928E0E3F0001C012B /* Pods_Loodos_CaseStudy.framework in Frameworks */,
			);
			runOnlyForDeploymentPostprocessing = 0;
		};
/* End PBXFrameworksBuildPhase section */

/* Begin PBXGroup section */
		5825F95CDA2F32278A2A6480 /* Pods */ = {
			isa = PBXGroup;
			children = (
				35BF25F49EAAAE21FAFCCDAD /* Pods-Loodos-CaseStudy.debug.xcconfig */,
				9AF66382C08459A461FB33B1 /* Pods-Loodos-CaseStudy.release.xcconfig */,
			);
			path = Pods;
			sourceTree = "<group>";
		};
		67E40B7D33B059ABA3C17B1A /* Frameworks */ = {
			isa = PBXGroup;
			children = (
				C8703EAA341B4A44AC4922F6 /* Pods_Loodos_CaseStudy.framework */,
			);
			name = Frameworks;
			sourceTree = "<group>";
		};
		A948E12928E0B45B002A6352 = {
			isa = PBXGroup;
			children = (
				A948E13428E0B45B002A6352 /* Loodos-CaseStudy */,
				A948E13328E0B45B002A6352 /* Products */,
				5825F95CDA2F32278A2A6480 /* Pods */,
				67E40B7D33B059ABA3C17B1A /* Frameworks */,
			);
			sourceTree = "<group>";
		};
		A948E13328E0B45B002A6352 /* Products */ = {
			isa = PBXGroup;
			children = (
				A948E13228E0B45B002A6352 /* Loodos-CaseStudy.app */,
			);
			name = Products;
			sourceTree = "<group>";
		};
		A948E13428E0B45B002A6352 /* Loodos-CaseStudy */ = {
			isa = PBXGroup;
			children = (
				A9E3B11A28E0D492001C012B /* Network */,
				A9E3B11628E0D281001C012B /* Helpers */,
				A948E14C28E0B4AD002A6352 /* Splash */,
				A9F0ED0E28E1B8710013FF6A /* Home */,
				A948E13528E0B45B002A6352 /* AppDelegate.swift */,
				A948E13E28E0B467002A6352 /* Assets.xcassets */,
				A948E15828E0B4CB002A6352 /* loading.json */,
				A948E14028E0B467002A6352 /* LaunchScreen.storyboard */,
				A948E14328E0B467002A6352 /* Info.plist */,
				A9E3B12928E0DABA001C012B /* GoogleService-Info.plist */,
			);
			path = "Loodos-CaseStudy";
			sourceTree = "<group>";
		};
		A948E14C28E0B4AD002A6352 /* Splash */ = {
			isa = PBXGroup;
			children = (
				A948E14D28E0B4AD002A6352 /* SplashViewController.swift */,
				A948E14E28E0B4AD002A6352 /* SplashPresenter.swift */,
				A948E14F28E0B4AD002A6352 /* SplashWorker.swift */,
				A948E15028E0B4AD002A6352 /* SplashRouter.swift */,
				A948E15128E0B4AD002A6352 /* SplashInteractor.swift */,
				A9F0ED0C28E1AEAC0013FF6A /* SplashModel.swift */,
			);
			path = Splash;
			sourceTree = "<group>";
		};
		A9E3B11628E0D281001C012B /* Helpers */ = {
			isa = PBXGroup;
			children = (
				A9E3B11728E0D2FE001C012B /* LottieHud.swift */,
				A9E3B12228E0D690001C012B /* Extension+UIView.swift */,
				A9E3B12628E0D74F001C012B /* Extension+UIViewController.swift */,
			);
			path = Helpers;
			sourceTree = "<group>";
		};
		A9E3B11A28E0D492001C012B /* Network */ = {
			isa = PBXGroup;
			children = (
				A9E3B0DF28E0B88A001C012B /* NetworkListener.swift */,
				A9E3B11B28E0D50D001C012B /* BaseService.swift */,
				A9E3B11F28E0D51F001C012B /* NetworkConstants.swift */,
			);
			path = Network;
			sourceTree = "<group>";
		};
		A9F0ED0E28E1B8710013FF6A /* Home */ = {
			isa = PBXGroup;
			children = (
				A9F0ED0F28E1B8890013FF6A /* HomePresenter.swift */,
				A9F0ED1028E1B8890013FF6A /* HomeWorker.swift */,
				A9F0ED1128E1B8890013FF6A /* HomeRouter.swift */,
				A9F0ED1228E1B8890013FF6A /* HomeModels.swift */,
				A9F0ED1328E1B8890013FF6A /* HomeViewController.swift */,
				A9F0ED1428E1B8890013FF6A /* HomeInteractor.swift */,
				A9F0ED1B28E1D04E0013FF6A /* HomeCell.swift */,
			);
			path = Home;
			sourceTree = "<group>";
		};
/* End PBXGroup section */

/* Begin PBXNativeTarget section */
		A948E13128E0B45B002A6352 /* Loodos-CaseStudy */ = {
			isa = PBXNativeTarget;
			buildConfigurationList = A948E14628E0B467002A6352 /* Build configuration list for PBXNativeTarget "Loodos-CaseStudy" */;
			buildPhases = (
				3F73C013A9DC5F934BA88359 /* [CP] Check Pods Manifest.lock */,
				A948E12E28E0B45B002A6352 /* Sources */,
				A948E12F28E0B45B002A6352 /* Frameworks */,
				A948E13028E0B45B002A6352 /* Resources */,
				329619AEB489E33BBA6BF2B7 /* [CP] Embed Pods Frameworks */,
				A9E3B14B28E0E3F0001C012B /* Embed Frameworks */,
			);
			buildRules = (
			);
			dependencies = (
			);
			name = "Loodos-CaseStudy";
			productName = "Loodos-CaseStudy";
			productReference = A948E13228E0B45B002A6352 /* Loodos-CaseStudy.app */;
			productType = "com.apple.product-type.application";
		};
/* End PBXNativeTarget section */

/* Begin PBXProject section */
		A948E12A28E0B45B002A6352 /* Project object */ = {
			isa = PBXProject;
			attributes = {
				LastSwiftUpdateCheck = 1240;
				LastUpgradeCheck = 1240;
				TargetAttributes = {
					A948E13128E0B45B002A6352 = {
						CreatedOnToolsVersion = 12.4;
					};
				};
			};
			buildConfigurationList = A948E12D28E0B45B002A6352 /* Build configuration list for PBXProject "Loodos-CaseStudy" */;
			compatibilityVersion = "Xcode 9.3";
			developmentRegion = en;
			hasScannedForEncodings = 0;
			knownRegions = (
				en,
				Base,
			);
			mainGroup = A948E12928E0B45B002A6352;
			productRefGroup = A948E13328E0B45B002A6352 /* Products */;
			projectDirPath = "";
			projectRoot = "";
			targets = (
				A948E13128E0B45B002A6352 /* Loodos-CaseStudy */,
			);
		};
/* End PBXProject section */

/* Begin PBXResourcesBuildPhase section */
		A948E13028E0B45B002A6352 /* Resources */ = {
			isa = PBXResourcesBuildPhase;
			buildActionMask = 2147483647;
			files = (
				A948E14228E0B467002A6352 /* LaunchScreen.storyboard in Resources */,
				A9E3B12A28E0DABA001C012B /* GoogleService-Info.plist in Resources */,
				A948E13F28E0B467002A6352 /* Assets.xcassets in Resources */,
				A948E15928E0B4CB002A6352 /* loading.json in Resources */,
			);
			runOnlyForDeploymentPostprocessing = 0;
		};
/* End PBXResourcesBuildPhase section */

/* Begin PBXShellScriptBuildPhase section */
		329619AEB489E33BBA6BF2B7 /* [CP] Embed Pods Frameworks */ = {
			isa = PBXShellScriptBuildPhase;
			buildActionMask = 2147483647;
			files = (
			);
			inputFileListPaths = (
				"${PODS_ROOT}/Target Support Files/Pods-Loodos-CaseStudy/Pods-Loodos-CaseStudy-frameworks-${CONFIGURATION}-input-files.xcfilelist",
			);
			name = "[CP] Embed Pods Frameworks";
			outputFileListPaths = (
				"${PODS_ROOT}/Target Support Files/Pods-Loodos-CaseStudy/Pods-Loodos-CaseStudy-frameworks-${CONFIGURATION}-output-files.xcfilelist",
			);
			runOnlyForDeploymentPostprocessing = 0;
			shellPath = /bin/sh;
			shellScript = "\"${PODS_ROOT}/Target Support Files/Pods-Loodos-CaseStudy/Pods-Loodos-CaseStudy-frameworks.sh\"\n";
			showEnvVarsInLog = 0;
		};
		3F73C013A9DC5F934BA88359 /* [CP] Check Pods Manifest.lock */ = {
			isa = PBXShellScriptBuildPhase;
			buildActionMask = 2147483647;
			files = (
			);
			inputFileListPaths = (
			);
			inputPaths = (
				"${PODS_PODFILE_DIR_PATH}/Podfile.lock",
				"${PODS_ROOT}/Manifest.lock",
			);
			name = "[CP] Check Pods Manifest.lock";
			outputFileListPaths = (
			);
			outputPaths = (
				"$(DERIVED_FILE_DIR)/Pods-Loodos-CaseStudy-checkManifestLockResult.txt",
			);
			runOnlyForDeploymentPostprocessing = 0;
			shellPath = /bin/sh;
			shellScript = "diff \"${PODS_PODFILE_DIR_PATH}/Podfile.lock\" \"${PODS_ROOT}/Manifest.lock\" > /dev/null\nif [ $? != 0 ] ; then\n    # print error to STDERR\n    echo \"error: The sandbox is not in sync with the Podfile.lock. Run 'pod install' or update your CocoaPods installation.\" >&2\n    exit 1\nfi\n# This output is used by Xcode 'outputs' to avoid re-running this script phase.\necho \"SUCCESS\" > \"${SCRIPT_OUTPUT_FILE_0}\"\n";
			showEnvVarsInLog = 0;
		};
/* End PBXShellScriptBuildPhase section */

/* Begin PBXSourcesBuildPhase section */
		A948E12E28E0B45B002A6352 /* Sources */ = {
			isa = PBXSourcesBuildPhase;
			buildActionMask = 2147483647;
			files = (
				A9E3B0E028E0B88A001C012B /* NetworkListener.swift in Sources */,
				A9F0ED1A28E1B8890013FF6A /* HomeInteractor.swift in Sources */,
				A948E15528E0B4AD002A6352 /* SplashRouter.swift in Sources */,
				A9E3B12028E0D51F001C012B /* NetworkConstants.swift in Sources */,
				A948E15628E0B4AD002A6352 /* SplashInteractor.swift in Sources */,
				A948E13628E0B45B002A6352 /* AppDelegate.swift in Sources */,
				A9F0ED1928E1B8890013FF6A /* HomeViewController.swift in Sources */,
				A9F0ED1828E1B8890013FF6A /* HomeModels.swift in Sources */,
				A9F0ED1728E1B8890013FF6A /* HomeRouter.swift in Sources */,
				A9F0ED0D28E1AEAC0013FF6A /* SplashModel.swift in Sources */,
				A9E3B12328E0D690001C012B /* Extension+UIView.swift in Sources */,
				A9F0ED1528E1B8890013FF6A /* HomePresenter.swift in Sources */,
				A9E3B11828E0D2FE001C012B /* LottieHud.swift in Sources */,
				A948E15228E0B4AD002A6352 /* SplashViewController.swift in Sources */,
				A9F0ED1C28E1D04E0013FF6A /* HomeCell.swift in Sources */,
				A9E3B12728E0D74F001C012B /* Extension+UIViewController.swift in Sources */,
				A948E15428E0B4AD002A6352 /* SplashWorker.swift in Sources */,
				A948E15328E0B4AD002A6352 /* SplashPresenter.swift in Sources */,
				A9F0ED1628E1B8890013FF6A /* HomeWorker.swift in Sources */,
				A9E3B11C28E0D50D001C012B /* BaseService.swift in Sources */,
			);
			runOnlyForDeploymentPostprocessing = 0;
		};
/* End PBXSourcesBuildPhase section */

/* Begin PBXVariantGroup section */
		A948E14028E0B467002A6352 /* LaunchScreen.storyboard */ = {
			isa = PBXVariantGroup;
			children = (
				A948E14128E0B467002A6352 /* Base */,
			);
			name = LaunchScreen.storyboard;
			sourceTree = "<group>";
		};
/* End PBXVariantGroup section */

/* Begin XCBuildConfiguration section */
		A948E14428E0B467002A6352 /* Debug */ = {
			isa = XCBuildConfiguration;
			buildSettings = {
				ALWAYS_SEARCH_USER_PATHS = NO;
				Api_Key = accc27c;
				CLANG_ANALYZER_NONNULL = YES;
				CLANG_ANALYZER_NUMBER_OBJECT_CONVERSION = YES_AGGRESSIVE;
				CLANG_CXX_LANGUAGE_STANDARD = "gnu++14";
				CLANG_CXX_LIBRARY = "libc++";
				CLANG_ENABLE_MODULES = YES;
				CLANG_ENABLE_OBJC_ARC = YES;
				CLANG_ENABLE_OBJC_WEAK = YES;
				CLANG_WARN_BLOCK_CAPTURE_AUTORELEASING = YES;
				CLANG_WARN_BOOL_CONVERSION = YES;
				CLANG_WARN_COMMA = YES;
				CLANG_WARN_CONSTANT_CONVERSION = YES;
				CLANG_WARN_DEPRECATED_OBJC_IMPLEMENTATIONS = YES;
				CLANG_WARN_DIRECT_OBJC_ISA_USAGE = YES_ERROR;
				CLANG_WARN_DOCUMENTATION_COMMENTS = YES;
				CLANG_WARN_EMPTY_BODY = YES;
				CLANG_WARN_ENUM_CONVERSION = YES;
				CLANG_WARN_INFINITE_RECURSION = YES;
				CLANG_WARN_INT_CONVERSION = YES;
				CLANG_WARN_NON_LITERAL_NULL_CONVERSION = YES;
				CLANG_WARN_OBJC_IMPLICIT_RETAIN_SELF = YES;
				CLANG_WARN_OBJC_LITERAL_CONVERSION = YES;
				CLANG_WARN_OBJC_ROOT_CLASS = YES_ERROR;
				CLANG_WARN_QUOTED_INCLUDE_IN_FRAMEWORK_HEADER = YES;
				CLANG_WARN_RANGE_LOOP_ANALYSIS = YES;
				CLANG_WARN_STRICT_PROTOTYPES = YES;
				CLANG_WARN_SUSPICIOUS_MOVE = YES;
				CLANG_WARN_UNGUARDED_AVAILABILITY = YES_AGGRESSIVE;
				CLANG_WARN_UNREACHABLE_CODE = YES;
				CLANG_WARN__DUPLICATE_METHOD_MATCH = YES;
				COPY_PHASE_STRIP = NO;
				DEBUG_INFORMATION_FORMAT = dwarf;
				ENABLE_STRICT_OBJC_MSGSEND = YES;
				ENABLE_TESTABILITY = YES;
				GCC_C_LANGUAGE_STANDARD = gnu11;
				GCC_DYNAMIC_NO_PIC = NO;
				GCC_NO_COMMON_BLOCKS = YES;
				GCC_OPTIMIZATION_LEVEL = 0;
				GCC_PREPROCESSOR_DEFINITIONS = (
					"DEBUG=1",
					"$(inherited)",
				);
				GCC_WARN_64_TO_32_BIT_CONVERSION = YES;
				GCC_WARN_ABOUT_RETURN_TYPE = YES_ERROR;
				GCC_WARN_UNDECLARED_SELECTOR = YES;
				GCC_WARN_UNINITIALIZED_AUTOS = YES_AGGRESSIVE;
				GCC_WARN_UNUSED_FUNCTION = YES;
				GCC_WARN_UNUSED_VARIABLE = YES;
				IPHONEOS_DEPLOYMENT_TARGET = 14.4;
				MTL_ENABLE_DEBUG_INFO = INCLUDE_SOURCE;
				MTL_FAST_MATH = YES;
				ONLY_ACTIVE_ARCH = YES;
				SDKROOT = iphoneos;
				SWIFT_ACTIVE_COMPILATION_CONDITIONS = DEBUG;
				SWIFT_OPTIMIZATION_LEVEL = "-Onone";
			};
			name = Debug;
		};
		A948E14528E0B467002A6352 /* Release */ = {
			isa = XCBuildConfiguration;
			buildSettings = {
				ALWAYS_SEARCH_USER_PATHS = NO;
				Api_Key = accc27c;
				CLANG_ANALYZER_NONNULL = YES;
				CLANG_ANALYZER_NUMBER_OBJECT_CONVERSION = YES_AGGRESSIVE;
				CLANG_CXX_LANGUAGE_STANDARD = "gnu++14";
				CLANG_CXX_LIBRARY = "libc++";
				CLANG_ENABLE_MODULES = YES;
				CLANG_ENABLE_OBJC_ARC = YES;
				CLANG_ENABLE_OBJC_WEAK = YES;
				CLANG_WARN_BLOCK_CAPTURE_AUTORELEASING = YES;
				CLANG_WARN_BOOL_CONVERSION = YES;
				CLANG_WARN_COMMA = YES;
				CLANG_WARN_CONSTANT_CONVERSION = YES;
				CLANG_WARN_DEPRECATED_OBJC_IMPLEMENTATIONS = YES;
				CLANG_WARN_DIRECT_OBJC_ISA_USAGE = YES_ERROR;
				CLANG_WARN_DOCUMENTATION_COMMENTS = YES;
				CLANG_WARN_EMPTY_BODY = YES;
				CLANG_WARN_ENUM_CONVERSION = YES;
				CLANG_WARN_INFINITE_RECURSION = YES;
				CLANG_WARN_INT_CONVERSION = YES;
				CLANG_WARN_NON_LITERAL_NULL_CONVERSION = YES;
				CLANG_WARN_OBJC_IMPLICIT_RETAIN_SELF = YES;
				CLANG_WARN_OBJC_LITERAL_CONVERSION = YES;
				CLANG_WARN_OBJC_ROOT_CLASS = YES_ERROR;
				CLANG_WARN_QUOTED_INCLUDE_IN_FRAMEWORK_HEADER = YES;
				CLANG_WARN_RANGE_LOOP_ANALYSIS = YES;
				CLANG_WARN_STRICT_PROTOTYPES = YES;
				CLANG_WARN_SUSPICIOUS_MOVE = YES;
				CLANG_WARN_UNGUARDED_AVAILABILITY = YES_AGGRESSIVE;
				CLANG_WARN_UNREACHABLE_CODE = YES;
				CLANG_WARN__DUPLICATE_METHOD_MATCH = YES;
				COPY_PHASE_STRIP = NO;
				DEBUG_INFORMATION_FORMAT = "dwarf-with-dsym";
				ENABLE_NS_ASSERTIONS = NO;
				ENABLE_STRICT_OBJC_MSGSEND = YES;
				GCC_C_LANGUAGE_STANDARD = gnu11;
				GCC_NO_COMMON_BLOCKS = YES;
				GCC_WARN_64_TO_32_BIT_CONVERSION = YES;
				GCC_WARN_ABOUT_RETURN_TYPE = YES_ERROR;
				GCC_WARN_UNDECLARED_SELECTOR = YES;
				GCC_WARN_UNINITIALIZED_AUTOS = YES_AGGRESSIVE;
				GCC_WARN_UNUSED_FUNCTION = YES;
				GCC_WARN_UNUSED_VARIABLE = YES;
				IPHONEOS_DEPLOYMENT_TARGET = 14.4;
				MTL_ENABLE_DEBUG_INFO = NO;
				MTL_FAST_MATH = YES;
				SDKROOT = iphoneos;
				SWIFT_COMPILATION_MODE = wholemodule;
				SWIFT_OPTIMIZATION_LEVEL = "-O";
				VALIDATE_PRODUCT = YES;
			};
			name = Release;
		};
		A948E14728E0B467002A6352 /* Debug */ = {
			isa = XCBuildConfiguration;
			baseConfigurationReference = 35BF25F49EAAAE21FAFCCDAD /* Pods-Loodos-CaseStudy.debug.xcconfig */;
			buildSettings = {
				ASSETCATALOG_COMPILER_APPICON_NAME = AppIcon;
				ASSETCATALOG_COMPILER_GLOBAL_ACCENT_COLOR_NAME = AccentColor;
				CODE_SIGN_STYLE = Automatic;
				DEVELOPMENT_TEAM = 2F5H7LLA5P;
				INFOPLIST_FILE = "Loodos-CaseStudy/Info.plist";
				LD_RUNPATH_SEARCH_PATHS = (
					"$(inherited)",
					"@executable_path/Frameworks",
				);
				PRODUCT_BUNDLE_IDENTIFIER = "com.hasan.Loodos-CaseStudy";
				PRODUCT_NAME = "$(TARGET_NAME)";
				SWIFT_VERSION = 5.0;
				TARGETED_DEVICE_FAMILY = "1,2";
			};
			name = Debug;
		};
		A948E14828E0B467002A6352 /* Release */ = {
			isa = XCBuildConfiguration;
			baseConfigurationReference = 9AF66382C08459A461FB33B1 /* Pods-Loodos-CaseStudy.release.xcconfig */;
			buildSettings = {
				ASSETCATALOG_COMPILER_APPICON_NAME = AppIcon;
				ASSETCATALOG_COMPILER_GLOBAL_ACCENT_COLOR_NAME = AccentColor;
				CODE_SIGN_STYLE = Automatic;
				DEVELOPMENT_TEAM = 2F5H7LLA5P;
				INFOPLIST_FILE = "Loodos-CaseStudy/Info.plist";
				LD_RUNPATH_SEARCH_PATHS = (
					"$(inherited)",
					"@executable_path/Frameworks",
				);
				PRODUCT_BUNDLE_IDENTIFIER = "com.hasan.Loodos-CaseStudy";
				PRODUCT_NAME = "$(TARGET_NAME)";
				SWIFT_VERSION = 5.0;
				TARGETED_DEVICE_FAMILY = "1,2";
			};
			name = Release;
		};
/* End XCBuildConfiguration section */

/* Begin XCConfigurationList section */
		A948E12D28E0B45B002A6352 /* Build configuration list for PBXProject "Loodos-CaseStudy" */ = {
			isa = XCConfigurationList;
			buildConfigurations = (
				A948E14428E0B467002A6352 /* Debug */,
				A948E14528E0B467002A6352 /* Release */,
			);
			defaultConfigurationIsVisible = 0;
			defaultConfigurationName = Release;
		};
		A948E14628E0B467002A6352 /* Build configuration list for PBXNativeTarget "Loodos-CaseStudy" */ = {
			isa = XCConfigurationList;
			buildConfigurations = (
				A948E14728E0B467002A6352 /* Debug */,
				A948E14828E0B467002A6352 /* Release */,
			);
			defaultConfigurationIsVisible = 0;
			defaultConfigurationName = Release;
		};
/* End XCConfigurationList section */
	};
	rootObject = A948E12A28E0B45B002A6352 /* Project object */;
}
